# This file is autogenerated, do not edit; changes may be undone by the next 'dep ensure'.


[[projects]]
  branch = "master"
  digest = "1:315c5f2f60c76d89b871c73f9bd5fe689cad96597afd50fb9992228ef80bdd34"
  name = "github.com/alecthomas/template"
  packages = [
    ".",
    "parse",
  ]
  pruneopts = "UT"
  revision = "a0175ee3bccc567396460bf5acd36800cb10c49c"

[[projects]]
  branch = "master"
  digest = "1:c198fdc381e898e8fb62b8eb62758195091c313ad18e52a3067366e1dda2fb3c"
  name = "github.com/alecthomas/units"
  packages = ["."]
  pruneopts = "UT"
  revision = "2efee857e7cfd4f3d0138cc3cbb1b4966962b93a"

[[projects]]
  digest = "1:97f8392a94d45a67691bfc224ee4365a83864467ca5a04bd5017be293e1b4391"
  name = "github.com/asdine/storm"
  packages = [
    ".",
    "codec",
    "codec/json",
    "index",
    "internal",
    "q",
  ]
  pruneopts = "UT"
  revision = "5a6fe65e3993f63951c8e3f64c812536c9e23595"
  version = "v2.1.2"

[[projects]]
  digest = "1:0f98f59e9a2f4070d66f0c9c39561f68fcd1dc837b22a852d28d0003aebd1b1e"
  name = "github.com/boltdb/bolt"
  packages = ["."]
  pruneopts = "UT"
  revision = "2f1ce7a837dcb8da3ec595b1dac9d0632f0f99e8"
  version = "v1.3.1"

[[projects]]
  digest = "1:5a9184cd30af0ae7ed5f360f7bd8ecca71fd1df280258caae8cc5d43c70abf37"
  name = "github.com/cavaliercoder/grab"
  packages = ["."]
  pruneopts = "UT"
  revision = "925bcfe56bc16868f1a398af4231cd4ffa07276f"
  version = "v2.0.0"

[[projects]]
  branch = "master"
  digest = "1:e6767b4a23d757750a6954f01ab9499bc8a638324c31d2aebb04db3bee5df801"
  name = "github.com/fromkeith/gossdp"
  packages = ["."]
  pruneopts = "UT"
  revision = "1b2c43f6886e14496400ab0448e2eea9d8bc5b82"

[[projects]]
  digest = "1:65b0a07f85f7b5cc019c26775efc278a155a5dea0a8aa617c980e8308d16bc55"
  name = "github.com/influxdata/influxdb"
  packages = [
    "client/v2",
    "models",
    "pkg/escape",
  ]
  pruneopts = "UT"
  revision = "a2ba6e7654fb078f8a3f5add1f8d935df38161bd"
  version = "v1.6.4"

[[projects]]
  branch = "master"
  digest = "1:d44a21a9e64484a680e8f769078d5c379172edf7e1bb00722489f78264bf8b38"
  name = "github.com/jhoonb/archivex"
  packages = ["."]
  pruneopts = "UT"
  revision = "0488e4ce168110297b49ad60bee94d38de70dd8a"

[[projects]]
  digest = "1:0a69a1c0db3591fcefb47f115b224592c8dfa4368b7ba9fae509d5e16cdc95c8"
  name = "github.com/konsorten/go-windows-terminal-sequences"
  packages = ["."]
  pruneopts = "UT"
  revision = "5c8c8bd35d3832f5d134ae1e1e375b69a4d25242"
  version = "v1.0.1"

[[projects]]
  digest = "1:cdb899c199f907ac9fb50495ec71212c95cb5b0e0a8ee0800da0238036091033"
  name = "github.com/mattn/go-runewidth"
  packages = ["."]
  pruneopts = "UT"
  revision = "ce7b0b5c7b45a81508558cd1dba6bb1e4ddb51bb"
  version = "v0.0.3"

[[projects]]
  branch = "master"
  digest = "1:6491080aa184f88c2bb8e2f6056e5e0e9a578b2d8666efbd6e97bc37a0c41e72"
  name = "github.com/nightlyone/lockfile"
  packages = ["."]
  pruneopts = "UT"
  revision = "0ad87eef1443f64d3d8c50da647e2b1552851124"

[[projects]]
  digest = "1:40e195917a951a8bf867cd05de2a46aaf1806c50cf92eebf4c16f78cd196f747"
  name = "github.com/pkg/errors"
  packages = ["."]
  pruneopts = "UT"
  revision = "645ef00459ed84a119197bfb8d8205042c6df63d"
  version = "v0.8.0"

[[projects]]
  digest = "1:d567a75ca7997f273776fc257f338d329c2e5877a8105ff8bd0234f75d45d4c0"
  name = "github.com/sirupsen/logrus"
  packages = [
    ".",
    "hooks/syslog",
  ]
  pruneopts = "UT"
  revision = "bcd833dfe83d3cebad139e4a29ed79cb2318bf95"
  version = "v1.2.0"

[[projects]]
  branch = "master"
  digest = "1:23d1f7ed9a2334d19c0853593e99dfba83e5e74702ff4111c9c7047f2263b304"
  name = "github.com/wunderlist/ttlcache"
  packages = ["."]
  pruneopts = "UT"
  revision = "7dbceb0d509466e07d5d066ea0859f1d8fc8f2fd"

[[projects]]
  digest = "1:c28625428387b63dd7154eb857f51e700465cfbf7c06f619e71f2da33cefe47e"
  name = "go.etcd.io/bbolt"
  packages = ["."]
  pruneopts = "UT"
  revision = "583e8937c61f1af6513608ccc75c97b6abdf4ff9"
  version = "v1.3.0"

[[projects]]
  branch = "master"
  digest = "1:3f3a05ae0b95893d90b9b3b5afdb79a9b3d96e4e36e099d841ae602e4aca0da8"
  name = "golang.org/x/crypto"
  packages = ["ssh/terminal"]
  pruneopts = "UT"
  revision = "4d3f4d9ffa16a13f451c3b2999e9c49e9750bf06"

[[projects]]
  branch = "master"
  digest = "1:8c73c37fcecb594d12ebda1264cb86a53b924664e74e5324660ff615c6ff5307"
  name = "golang.org/x/net"
  packages = [
    "bpf",
    "internal/iana",
    "internal/socket",
    "ipv4",
  ]
  pruneopts = "UT"
  revision = "e11730110bbd884bbf19550bfafe9d69519ce29e"

[[projects]]
  branch = "master"
  digest = "1:417d27a82efb8473554234a282be33d23b0d6adc121e636b55950f913ac071d6"
  name = "golang.org/x/sys"
  packages = [
    "unix",
    "windows",
  ]
  pruneopts = "UT"
  revision = "9b800f95dbbc54abff0acf7ee32d88ba4e328c89"

[[projects]]
  digest = "1:c06d9e11d955af78ac3bbb26bd02e01d2f61f689e1a3bce2ef6fb683ef8a7f2d"
  name = "gopkg.in/alecthomas/kingpin.v2"
  packages = ["."]
  pruneopts = "UT"
  revision = "947dcec5ba9c011838740e680966fd7087a71d0d"
  version = "v2.2.6"

[[projects]]
  digest = "1:50ec2f81389fbc7a1e496e1d1dc07adfe080fd15e015e9ba0e08ddaf1d4635ef"
  name = "gopkg.in/cheggaaa/pb.v1"
  packages = ["."]
  pruneopts = "UT"
  revision = "007b75a044e968336a69a6c0c617251ab62ac14c"
  version = "v1.0.26"

[[projects]]
  digest = "1:38cb4759428493e0b02eade2f8d2920eb55a8fb35acb45de3247f0fbeab81b78"
  name = "gopkg.in/gcfg.v1"
  packages = [
    ".",
    "scanner",
    "token",
    "types",
  ]
  pruneopts = "UT"
  revision = "61b2c08bc8f6068f7c5ca684372f9a6cb1c45ebe"
  version = "v1.2.3"

[[projects]]
  branch = "v2"
  digest = "1:2d129a7f163d575a89c6cb3d985116ea79bdd91965a80c40ebf176f496fca08b"
  name = "gopkg.in/lxc/go-lxc.v2"
  packages = ["."]
  pruneopts = "UT"
  revision = "0aadfc37157c2e3f0e63bedd10f8615e66e91cad"

[[projects]]
  digest = "1:78d374b493e747afa9fbb2119687e3740a7fb8d0ebabddfef0a012593aaecbb3"
  name = "gopkg.in/warnings.v0"
  packages = ["."]
  pruneopts = "UT"
  revision = "ec4a0fea49c7b46c2aeb0b51aac55779c607e52b"
  version = "v0.1.2"

[solve-meta]
  analyzer-name = "dep"
  analyzer-version = 1
  input-imports = [
    "github.com/asdine/storm",
    "github.com/asdine/storm/q",
    "github.com/boltdb/bolt",
    "github.com/cavaliercoder/grab",
    "github.com/fromkeith/gossdp",
    "github.com/influxdata/influxdb/client/v2",
    "github.com/jhoonb/archivex",
    "github.com/nightlyone/lockfile",
    "github.com/pkg/errors",
    "github.com/sirupsen/logrus",
    "github.com/sirupsen/logrus/hooks/syslog",
    "github.com/wunderlist/ttlcache",
    "go.etcd.io/bbolt",
    "gopkg.in/alecthomas/kingpin.v2",
    "gopkg.in/cheggaaa/pb.v1",
    "gopkg.in/gcfg.v1",
    "gopkg.in/lxc/go-lxc.v2",
  ]
  solver-name = "gps-cdcl"
  solver-version = 1
